
Microsoft Visual Studio Solution File, Format Version 12.00
# Visual Studio Version 17
VisualStudioVersion = 17.2.32519.379
MinimumVisualStudioVersion = 10.0.40219.1
Project("{FAE04EC0-301F-11D3-BF4B-00C04F79EFBC}") = "pryEliasIE", "pryEliasIE.csproj", "{05CE2C79-91F8-40EA-A09C-5F27D909B31D}"
EndProject
Global
	GlobalSection(SolutionConfigurationPlatforms) = preSolution
		Debug|Any CPU = Debug|Any CPU
		Release|Any CPU = Release|Any CPU
	EndGlobalSection
	GlobalSection(ProjectConfigurationPlatforms) = postSolution
		{05CE2C79-91F8-40EA-A09C-5F27D909B31D}.Debug|Any CPU.ActiveCfg = Debug|Any CPU
		{05CE2C79-91F8-40EA-A09C-5F27D909B31D}.Debug|Any CPU.Build.0 = Debug|Any CPU
		{05CE2C79-91F8-40EA-A09C-5F27D909B31D}.Release|Any CPU.ActiveCfg = Release|Any CPU
		{05CE2C79-91F8-40EA-A09C-5F27D909B31D}.Release|Any CPU.Build.0 = Release|Any CPU
	EndGlobalSection
	GlobalSection(SolutionProperties) = preSolution
		HideSolutionNode = FALSE
	EndGlobalSection
	GlobalSection(ExtensibilityGlobals) = postSolution
		SolutionGuid = {5C628533-789D-43FE-8690-534742C71427}
	EndGlobalSection
EndGlobal
